{
  "name": "@anticrm/dev-server-app",
  "version": "0.6.0",
  "lockfileVersion": 1,
  "requires": true,
  "dependencies": {
    "@anticrm/chunter": {
      "version": "0.6.0",
      "resolved": "https://registry.npmjs.org/@anticrm/chunter/-/chunter-0.6.0.tgz",
      "integrity": "sha512-tjeasebo6HrKbRNNpnfym9NbW9vxtWoRwg4+CXjiAs+7Yj3ETR0cbGI/8iWz5o3ESD9kr/Y78c78LK2vsB0SDA==",
      "requires": {
        "@anticrm/core": "~0.6.8",
        "@anticrm/platform": "~0.6.5"
      }
    },
    "@anticrm/core": {
      "version": "0.6.10",
      "resolved": "https://registry.npmjs.org/@anticrm/core/-/core-0.6.10.tgz",
      "integrity": "sha512-NZfk88Q2K1+eGUCPLnmHJ+u5kNUpraVMVDEqD9q0zB3r6V/TfPK6K+Hh/0/1628JDdEZPFkLHmNPVXYJLA4BsQ==",
      "requires": {
        "@anticrm/platform": "~0.6.5"
      }
    },
    "@anticrm/dev-server": {
      "version": "0.6.10",
      "resolved": "https://registry.npmjs.org/@anticrm/dev-server/-/dev-server-0.6.10.tgz",
      "integrity": "sha512-ho1YdpXvySiZssK75cHOaeHHIkYZkXEqsH6shpbQjFZpDf8WPYiWu88P/hhCgq/NWcgqKiYNmVkFeUu11Cx9Rw==",
      "requires": {
        "@anticrm/core": "~0.6.10",
        "@anticrm/dev-server-chunter-resources": "~0.6.3",
        "@anticrm/dev-storage": "~0.6.6",
        "@anticrm/platform": "~0.6.5",
        "@anticrm/server-chunter": "~0.6.1",
        "@anticrm/server-ws": "~0.6.10",
        "jwt-simple": "~0.5.6"
      }
    },
    "@anticrm/dev-server-chunter-resources": {
      "version": "0.6.3",
      "resolved": "https://registry.npmjs.org/@anticrm/dev-server-chunter-resources/-/dev-server-chunter-resources-0.6.3.tgz",
      "integrity": "sha512-uCYLCZViOaiUNSOhL1h45dSj24gTruLvc1HjS7mrqor314OJT60/U4XEh5YP6g+FkSBd54d73lI6PwGMPWx8pw==",
      "requires": {
        "@anticrm/chunter": "~0.6.0",
        "@anticrm/core": "~0.6.8",
        "@anticrm/platform": "~0.6.5",
        "@anticrm/server-chunter": "~0.6.1",
        "@anticrm/server-core": "~0.6.0"
      }
    },
    "@anticrm/dev-storage": {
      "version": "0.6.6",
      "resolved": "https://registry.npmjs.org/@anticrm/dev-storage/-/dev-storage-0.6.6.tgz",
      "integrity": "sha512-VBjgtlBv3FEherFuQDW7hhXaKETvj5EG/ASq4LEz/4AuY+qFGuB/8c8f/3Ygr9bp/fZ14hbzwGLUzqM2LgJZew==",
      "requires": {
        "@anticrm/core": "~0.6.10",
        "@anticrm/platform": "~0.6.5",
        "@anticrm/server": "~0.6.0",
        "@anticrm/server-core": "~0.6.0"
      }
    },
    "@anticrm/platform": {
      "version": "0.6.5",
      "resolved": "https://registry.npmjs.org/@anticrm/platform/-/platform-0.6.5.tgz",
      "integrity": "sha512-NwRA+s2mvqrt045NYrXXjCi/FB7uw9DFnmVqvVt4zozs8HsWtjQlQ7UPQjaqFV4rVZix6LTIGWmHAnvEGwOD5A==",
      "requires": {
        "intl-messageformat": "^9.7.1"
      }
    },
    "@anticrm/server": {
      "version": "0.6.0",
      "resolved": "https://registry.npmjs.org/@anticrm/server/-/server-0.6.0.tgz",
      "integrity": "sha512-g+bePWRLc6jKAIZu6tIyiqQAlhjTxBGhwVAlt6HRvr1JsVphh9A6PBaEeeG8UsiVP2rIBWfhQm+bRiO4VjL31A==",
      "requires": {
        "@anticrm/core": "~0.6.8",
        "@anticrm/platform": "~0.6.5",
        "@anticrm/server-core": "~0.6.0"
      }
    },
    "@anticrm/server-chunter": {
      "version": "0.6.1",
      "resolved": "https://registry.npmjs.org/@anticrm/server-chunter/-/server-chunter-0.6.1.tgz",
      "integrity": "sha512-Hpf0kqL8dW2KsIiIMRXuLzX1Bw6tvUnGMvQTfE4i0LsiuZW/7YUzT+SX/OG+hl3POdw4ZM141KMF54XENSILnw==",
      "requires": {
        "@anticrm/core": "~0.6.8",
        "@anticrm/platform": "~0.6.5",
        "@anticrm/server-core": "~0.6.0"
      }
    },
    "@anticrm/server-core": {
      "version": "0.6.0",
      "resolved": "https://registry.npmjs.org/@anticrm/server-core/-/server-core-0.6.0.tgz",
      "integrity": "sha512-sCDwM6dHsvUYuqB+xFfBwLw+ydjoF+rYzV/nsQwARRdb0Ah/w7JXMx82L0SZdJ27ceZRv80ry3hr3COxKK/HgA==",
      "requires": {
        "@anticrm/core": "~0.6.8",
        "@anticrm/platform": "~0.6.5"
      }
    },
    "@anticrm/server-ws": {
      "version": "0.6.10",
      "resolved": "https://registry.npmjs.org/@anticrm/server-ws/-/server-ws-0.6.10.tgz",
      "integrity": "sha512-j9UWlaDD5w2LNJ2IyqnvD9zGfXNh8HaEOAV04Uae13kM0m6aYks3VziqqjCx3JD8j7ZHBTrDJ+T8YizGa8ib6Q==",
      "requires": {
        "@anticrm/core": "~0.6.10",
        "@anticrm/platform": "~0.6.5",
        "jwt-simple": "^0.5.6",
        "ws": "^8.0.0"
      }
    },
    "@formatjs/ecma402-abstract": {
      "version": "1.9.6",
      "resolved": "https://registry.npmjs.org/@formatjs/ecma402-abstract/-/ecma402-abstract-1.9.6.tgz",
      "integrity": "sha512-fgXUydhzng3JCSm3HB1bt01m1otnMybX4b/CEI/fJRPvzgtq5XwV2qW/WQQdOLTr29/ttRHCEk2Mb9IP5K/PjQ==",
      "requires": {
        "@formatjs/intl-localematcher": "0.2.19",
        "tslib": "^2.1.0"
      }
    },
    "@formatjs/fast-memoize": {
      "version": "1.1.2",
      "resolved": "https://registry.npmjs.org/@formatjs/fast-memoize/-/fast-memoize-1.1.2.tgz",
      "integrity": "sha512-HfN6D9yd9vhypWwTVpJHqoSb50KFuoxZ2ZS6AM1XNSyihWk7JJXjZ3mgvboJU4eNSsdxAWwR1ke5KIOobEVwBA==",
      "requires": {
        "tslib": "^2.1.0"
      }
    },
    "@formatjs/icu-messageformat-parser": {
      "version": "2.0.9",
      "resolved": "https://registry.npmjs.org/@formatjs/icu-messageformat-parser/-/icu-messageformat-parser-2.0.9.tgz",
      "integrity": "sha512-L1a4W7Tbk41EjENYLLeYy1B9mX85kP6Wx2bzF/VLkGOk2bkFSEFzyb2XtYuklMzWhgka665LhxyPyJy3Ktpq6A==",
      "requires": {
        "@formatjs/ecma402-abstract": "1.9.6",
        "@formatjs/icu-skeleton-parser": "1.2.10",
        "tslib": "^2.1.0"
      }
    },
    "@formatjs/icu-skeleton-parser": {
      "version": "1.2.10",
      "resolved": "https://registry.npmjs.org/@formatjs/icu-skeleton-parser/-/icu-skeleton-parser-1.2.10.tgz",
      "integrity": "sha512-S96jf8V2SLBhjN7zTJ9xsroOOxS+STKtrjKKmF84+PAEGYAn5qlP62k9mbR0ir2cY80WNB5ehUmeDbo0plAkqg==",
      "requires": {
        "@formatjs/ecma402-abstract": "1.9.6",
        "tslib": "^2.1.0"
      }
    },
    "@formatjs/intl-localematcher": {
      "version": "0.2.19",
      "resolved": "https://registry.npmjs.org/@formatjs/intl-localematcher/-/intl-localematcher-0.2.19.tgz",
      "integrity": "sha512-eyrTiqciBSBfwx6PyyVJCEhXeAOXVJWWlvyR0Lx7OkTikWIrqhl8VIifyq3wwBiCMPOyCDN1ccik9VBdGcDiHA==",
      "requires": {
        "tslib": "^2.1.0"
      }
    },
    "intl-messageformat": {
      "version": "9.8.2",
      "resolved": "https://registry.npmjs.org/intl-messageformat/-/intl-messageformat-9.8.2.tgz",
      "integrity": "sha512-Qjefia3jFUML9XWRl0G3VAeiMUX7GiWvKcY9EQZJCkX8eLbe1HvLOPQvMQ5UlQLrnis1qk1BcQqbpPPvWnM2iw==",
      "requires": {
        "@formatjs/fast-memoize": "1.1.2",
        "@formatjs/icu-messageformat-parser": "2.0.9",
        "tslib": "^2.1.0"
      }
    },
    "jwt-simple": {
      "version": "0.5.6",
      "resolved": "https://registry.npmjs.org/jwt-simple/-/jwt-simple-0.5.6.tgz",
      "integrity": "sha512-40aUybvhH9t2h71ncA1/1SbtTNCVZHgsTsTgqPUxGWDmUDrXyDf2wMNQKEbdBjbf4AI+fQhbECNTV6lWxQKUzg=="
    },
    "tslib": {
      "version": "2.3.1",
      "resolved": "https://registry.npmjs.org/tslib/-/tslib-2.3.1.tgz",
      "integrity": "sha512-77EbyPPpMz+FRFRuAFlWMtmgUWGe9UOG2Z25NqCwiIjRhOf5iKGuzSe5P2w1laq+FkRy4p+PCuVkJSGkzTEKVw=="
    },
    "ws": {
      "version": "8.1.0",
      "resolved": "https://registry.npmjs.org/ws/-/ws-8.1.0.tgz",
      "integrity": "sha512-0UWlCD2s3RSclw8FN+D0zDTUyMO+1kHwJQQJzkgUh16S8d3NYON0AKCEQPffE0ez4JyRFu76QDA9KR5bOG/7jw=="
    }
  }
}
